{
  "name": "project_f8",
  "version": "1.0.0",
  "lockfileVersion": 3,
  "requires": true,
  "packages": {
    "": {
      "name": "project_f8",
      "version": "1.0.0",
      "license": "ISC",
      "dependencies": {
        "project_f8": "file:"
      }
    },
    "node_modules/project_f8": {
      "resolved": "",
      "link": true
    }
  }
}
